
Microsoft Visual Studio Solution File, Format Version 12.00
# Visual Studio Version 17
VisualStudioVersion = 17.1.32113.165
MinimumVisualStudioVersion = 10.0.40219.1
Project("{FAE04EC0-301F-11D3-BF4B-00C04F79EFBC}") = "TextToDocument", "TextToDocument\TextToDocument.csproj", "{1A2D51E8-57C6-4F1B-BA43-8DA67208457F}"
EndProject
Project("{FAE04EC0-301F-11D3-BF4B-00C04F79EFBC}") = "DEMO", "DEMO\DEMO.csproj", "{7DDC79E8-29FC-4DEB-8C19-5818FB237E6D}"
EndProject
Global
	GlobalSection(SolutionConfigurationPlatforms) = preSolution
		Debug|Any CPU = Debug|Any CPU
		Release|Any CPU = Release|Any CPU
	EndGlobalSection
	GlobalSection(ProjectConfigurationPlatforms) = postSolution
		{1A2D51E8-57C6-4F1B-BA43-8DA67208457F}.Debug|Any CPU.ActiveCfg = Debug|Any CPU
		{1A2D51E8-57C6-4F1B-BA43-8DA67208457F}.Debug|Any CPU.Build.0 = Debug|Any CPU
		{1A2D51E8-57C6-4F1B-BA43-8DA67208457F}.Release|Any CPU.ActiveCfg = Release|Any CPU
		{1A2D51E8-57C6-4F1B-BA43-8DA67208457F}.Release|Any CPU.Build.0 = Release|Any CPU
		{7DDC79E8-29FC-4DEB-8C19-5818FB237E6D}.Debug|Any CPU.ActiveCfg = Debug|Any CPU
		{7DDC79E8-29FC-4DEB-8C19-5818FB237E6D}.Debug|Any CPU.Build.0 = Debug|Any CPU
		{7DDC79E8-29FC-4DEB-8C19-5818FB237E6D}.Release|Any CPU.ActiveCfg = Release|Any CPU
		{7DDC79E8-29FC-4DEB-8C19-5818FB237E6D}.Release|Any CPU.Build.0 = Release|Any CPU
	EndGlobalSection
	GlobalSection(SolutionProperties) = preSolution
		HideSolutionNode = FALSE
	EndGlobalSection
	GlobalSection(ExtensibilityGlobals) = postSolution
		SolutionGuid = {44DCB55B-79F7-4282-A350-13DDFC792DFD}
	EndGlobalSection
EndGlobal
